
Microsoft Visual Studio Solution File, Format Version 12.00
# Visual Studio Version 17
VisualStudioVersion = 17.8.34511.84
MinimumVisualStudioVersion = 10.0.40219.1
Project("{FAE04EC0-301F-11D3-BF4B-00C04F79EFBC}") = "MinimalApi", "MinimalApi.csproj", "{49B661AF-9399-4BD6-9D24-F08773AE0CA0}"
EndProject
Global
	GlobalSection(SolutionConfigurationPlatforms) = preSolution
		Debug|Any CPU = Debug|Any CPU
		Release|Any CPU = Release|Any CPU
	EndGlobalSection
	GlobalSection(ProjectConfigurationPlatforms) = postSolution
		{49B661AF-9399-4BD6-9D24-F08773AE0CA0}.Debug|Any CPU.ActiveCfg = Debug|Any CPU
		{49B661AF-9399-4BD6-9D24-F08773AE0CA0}.Debug|Any CPU.Build.0 = Debug|Any CPU
		{49B661AF-9399-4BD6-9D24-F08773AE0CA0}.Release|Any CPU.ActiveCfg = Release|Any CPU
		{49B661AF-9399-4BD6-9D24-F08773AE0CA0}.Release|Any CPU.Build.0 = Release|Any CPU
	EndGlobalSection
	GlobalSection(SolutionProperties) = preSolution
		HideSolutionNode = FALSE
	EndGlobalSection
	GlobalSection(ExtensibilityGlobals) = postSolution
		SolutionGuid = {E4EDDA18-173D-4B3A-A8F7-21629B0BFD63}
	EndGlobalSection
EndGlobal
